// !$*UTF8*$!
{
	archiveVersion = 1;
	classes = {
	};
	objectVersion = 46;
	objects = {

/* Begin PBXBuildFile section */
		9C7CA1E21C0BF6A900E95826 /* ControlFlowViewController.swift in Sources */ = {isa = PBXBuildFile; fileRef = 9C7CA1E11C0BF6A900E95826 /* ControlFlowViewController.swift */; settings = {ASSET_TAGS = (); }; };
		9C8464BD1C0C22EE009662EE /* FunctionViewController.swift in Sources */ = {isa = PBXBuildFile; fileRef = 9C8464BC1C0C22EE009662EE /* FunctionViewController.swift */; settings = {ASSET_TAGS = (); }; };
		9C938E551C0710A6009541D6 /* AppDelegate.swift in Sources */ = {isa = PBXBuildFile; fileRef = 9C938E541C0710A6009541D6 /* AppDelegate.swift */; };
		9C938E5A1C0710A6009541D6 /* Main.storyboard in Resources */ = {isa = PBXBuildFile; fileRef = 9C938E581C0710A6009541D6 /* Main.storyboard */; };
		9C938E5C1C0710A6009541D6 /* Assets.xcassets in Resources */ = {isa = PBXBuildFile; fileRef = 9C938E5B1C0710A6009541D6 /* Assets.xcassets */; };
		9C938E5F1C0710A6009541D6 /* LaunchScreen.storyboard in Resources */ = {isa = PBXBuildFile; fileRef = 9C938E5D1C0710A6009541D6 /* LaunchScreen.storyboard */; };
		9C938E6A1C0710A6009541D6 /* GJY_SwiftTests.swift in Sources */ = {isa = PBXBuildFile; fileRef = 9C938E691C0710A6009541D6 /* GJY_SwiftTests.swift */; };
		9C938E751C0710A6009541D6 /* GJY_SwiftUITests.swift in Sources */ = {isa = PBXBuildFile; fileRef = 9C938E741C0710A6009541D6 /* GJY_SwiftUITests.swift */; };
		9C938E841C080148009541D6 /* BasicViewController.swift in Sources */ = {isa = PBXBuildFile; fileRef = 9C938E831C080148009541D6 /* BasicViewController.swift */; settings = {ASSET_TAGS = (); }; };
		9C938E881C080195009541D6 /* BasicOperatorViewController.swift in Sources */ = {isa = PBXBuildFile; fileRef = 9C938E871C080195009541D6 /* BasicOperatorViewController.swift */; settings = {ASSET_TAGS = (); }; };
		9C938E8A1C080ADB009541D6 /* CharactersAndStringViewController.swift in Sources */ = {isa = PBXBuildFile; fileRef = 9C938E891C080ADB009541D6 /* CharactersAndStringViewController.swift */; settings = {ASSET_TAGS = (); }; };
		9C938E8C1C084E40009541D6 /* CollectionTypesViewController.swift in Sources */ = {isa = PBXBuildFile; fileRef = 9C938E8B1C084E40009541D6 /* CollectionTypesViewController.swift */; settings = {ASSET_TAGS = (); }; };
/* End PBXBuildFile section */

/* Begin PBXContainerItemProxy section */
		9C938E661C0710A6009541D6 /* PBXContainerItemProxy */ = {
			isa = PBXContainerItemProxy;
			containerPortal = 9C938E491C0710A6009541D6 /* Project object */;
			proxyType = 1;
			remoteGlobalIDString = 9C938E501C0710A6009541D6;
			remoteInfo = GJY_Swift;
		};
		9C938E711C0710A6009541D6 /* PBXContainerItemProxy */ = {
			isa = PBXContainerItemProxy;
			containerPortal = 9C938E491C0710A6009541D6 /* Project object */;
			proxyType = 1;
			remoteGlobalIDString = 9C938E501C0710A6009541D6;
			remoteInfo = GJY_Swift;
		};
/* End PBXContainerItemProxy section */

/* Begin PBXFileReference section */
		9C7CA1E11C0BF6A900E95826 /* ControlFlowViewController.swift */ = {isa = PBXFileReference; fileEncoding = 4; lastKnownFileType = sourcecode.swift; path = ControlFlowViewController.swift; sourceTree = "<group>"; };
		9C8464BC1C0C22EE009662EE /* FunctionViewController.swift */ = {isa = PBXFileReference; fileEncoding = 4; lastKnownFileType = sourcecode.swift; path = FunctionViewController.swift; sourceTree = "<group>"; };
		9C938E511C0710A6009541D6 /* GJY_Swift.app */ = {isa = PBXFileReference; explicitFileType = wrapper.application; includeInIndex = 0; path = GJY_Swift.app; sourceTree = BUILT_PRODUCTS_DIR; };
		9C938E541C0710A6009541D6 /* AppDelegate.swift */ = {isa = PBXFileReference; lastKnownFileType = sourcecode.swift; path = AppDelegate.swift; sourceTree = "<group>"; };
		9C938E591C0710A6009541D6 /* Base */ = {isa = PBXFileReference; lastKnownFileType = file.storyboard; name = Base; path = Base.lproj/Main.storyboard; sourceTree = "<group>"; };
		9C938E5B1C0710A6009541D6 /* Assets.xcassets */ = {isa = PBXFileReference; lastKnownFileType = folder.assetcatalog; path = Assets.xcassets; sourceTree = "<group>"; };
		9C938E5E1C0710A6009541D6 /* Base */ = {isa = PBXFileReference; lastKnownFileType = file.storyboard; name = Base; path = Base.lproj/LaunchScreen.storyboard; sourceTree = "<group>"; };
		9C938E601C0710A6009541D6 /* Info.plist */ = {isa = PBXFileReference; lastKnownFileType = text.plist.xml; path = Info.plist; sourceTree = "<group>"; };
		9C938E651C0710A6009541D6 /* GJY_SwiftTests.xctest */ = {isa = PBXFileReference; explicitFileType = wrapper.cfbundle; includeInIndex = 0; path = GJY_SwiftTests.xctest; sourceTree = BUILT_PRODUCTS_DIR; };
		9C938E691C0710A6009541D6 /* GJY_SwiftTests.swift */ = {isa = PBXFileReference; lastKnownFileType = sourcecode.swift; path = GJY_SwiftTests.swift; sourceTree = "<group>"; };
		9C938E6B1C0710A6009541D6 /* Info.plist */ = {isa = PBXFileReference; lastKnownFileType = text.plist.xml; path = Info.plist; sourceTree = "<group>"; };
		9C938E701C0710A6009541D6 /* GJY_SwiftUITests.xctest */ = {isa = PBXFileReference; explicitFileType = wrapper.cfbundle; includeInIndex = 0; path = GJY_SwiftUITests.xctest; sourceTree = BUILT_PRODUCTS_DIR; };
		9C938E741C0710A6009541D6 /* GJY_SwiftUITests.swift */ = {isa = PBXFileReference; lastKnownFileType = sourcecode.swift; path = GJY_SwiftUITests.swift; sourceTree = "<group>"; };
		9C938E761C0710A6009541D6 /* Info.plist */ = {isa = PBXFileReference; lastKnownFileType = text.plist.xml; path = Info.plist; sourceTree = "<group>"; };
		9C938E831C080148009541D6 /* BasicViewController.swift */ = {isa = PBXFileReference; fileEncoding = 4; lastKnownFileType = sourcecode.swift; path = BasicViewController.swift; sourceTree = "<group>"; };
		9C938E871C080195009541D6 /* BasicOperatorViewController.swift */ = {isa = PBXFileReference; fileEncoding = 4; lastKnownFileType = sourcecode.swift; path = BasicOperatorViewController.swift; sourceTree = "<group>"; };
		9C938E891C080ADB009541D6 /* CharactersAndStringViewController.swift */ = {isa = PBXFileReference; fileEncoding = 4; lastKnownFileType = sourcecode.swift; path = CharactersAndStringViewController.swift; sourceTree = "<group>"; };
		9C938E8B1C084E40009541D6 /* CollectionTypesViewController.swift */ = {isa = PBXFileReference; fileEncoding = 4; lastKnownFileType = sourcecode.swift; path = CollectionTypesViewController.swift; sourceTree = "<group>"; };
/* End PBXFileReference section */

/* Begin PBXFrameworksBuildPhase section */
		9C938E4E1C0710A6009541D6 /* Frameworks */ = {
			isa = PBXFrameworksBuildPhase;
			buildActionMask = 2147483647;
			files = (
			);
			runOnlyForDeploymentPostprocessing = 0;
		};
		9C938E621C0710A6009541D6 /* Frameworks */ = {
			isa = PBXFrameworksBuildPhase;
			buildActionMask = 2147483647;
			files = (
			);
			runOnlyForDeploymentPostprocessing = 0;
		};
		9C938E6D1C0710A6009541D6 /* Frameworks */ = {
			isa = PBXFrameworksBuildPhase;
			buildActionMask = 2147483647;
			files = (
			);
			runOnlyForDeploymentPostprocessing = 0;
		};
/* End PBXFrameworksBuildPhase section */

/* Begin PBXGroup section */
		9C938E481C0710A6009541D6 = {
			isa = PBXGroup;
			children = (
				9C938E531C0710A6009541D6 /* GJY_Swift */,
				9C938E681C0710A6009541D6 /* GJY_SwiftTests */,
				9C938E731C0710A6009541D6 /* GJY_SwiftUITests */,
				9C938E521C0710A6009541D6 /* Products */,
			);
			sourceTree = "<group>";
		};
		9C938E521C0710A6009541D6 /* Products */ = {
			isa = PBXGroup;
			children = (
				9C938E511C0710A6009541D6 /* GJY_Swift.app */,
				9C938E651C0710A6009541D6 /* GJY_SwiftTests.xctest */,
				9C938E701C0710A6009541D6 /* GJY_SwiftUITests.xctest */,
			);
			name = Products;
			sourceTree = "<group>";
		};
		9C938E531C0710A6009541D6 /* GJY_Swift */ = {
			isa = PBXGroup;
			children = (
				9C938E821C0710EC009541D6 /* Basics */,
				9C938E541C0710A6009541D6 /* AppDelegate.swift */,
				9C938E581C0710A6009541D6 /* Main.storyboard */,
				9C938E5B1C0710A6009541D6 /* Assets.xcassets */,
				9C938E5D1C0710A6009541D6 /* LaunchScreen.storyboard */,
				9C938E601C0710A6009541D6 /* Info.plist */,
			);
			path = GJY_Swift;
			sourceTree = "<group>";
		};
		9C938E681C0710A6009541D6 /* GJY_SwiftTests */ = {
			isa = PBXGroup;
			children = (
				9C938E691C0710A6009541D6 /* GJY_SwiftTests.swift */,
				9C938E6B1C0710A6009541D6 /* Info.plist */,
			);
			path = GJY_SwiftTests;
			sourceTree = "<group>";
		};
		9C938E731C0710A6009541D6 /* GJY_SwiftUITests */ = {
			isa = PBXGroup;
			children = (
				9C938E741C0710A6009541D6 /* GJY_SwiftUITests.swift */,
				9C938E761C0710A6009541D6 /* Info.plist */,
			);
			path = GJY_SwiftUITests;
			sourceTree = "<group>";
		};
		9C938E821C0710EC009541D6 /* Basics */ = {
			isa = PBXGroup;
			children = (
				9C938E831C080148009541D6 /* BasicViewController.swift */,
				9C938E871C080195009541D6 /* BasicOperatorViewController.swift */,
				9C938E891C080ADB009541D6 /* CharactersAndStringViewController.swift */,
				9C938E8B1C084E40009541D6 /* CollectionTypesViewController.swift */,
				9C7CA1E11C0BF6A900E95826 /* ControlFlowViewController.swift */,
				9C8464BC1C0C22EE009662EE /* FunctionViewController.swift */,
			);
			path = Basics;
			sourceTree = "<group>";
		};
/* End PBXGroup section */

/* Begin PBXNativeTarget section */
		9C938E501C0710A6009541D6 /* GJY_Swift */ = {
			isa = PBXNativeTarget;
			buildConfigurationList = 9C938E791C0710A6009541D6 /* Build configuration list for PBXNativeTarget "GJY_Swift" */;
			buildPhases = (
				9C938E4D1C0710A6009541D6 /* Sources */,
				9C938E4E1C0710A6009541D6 /* Frameworks */,
				9C938E4F1C0710A6009541D6 /* Resources */,
			);
			buildRules = (
			);
			dependencies = (
			);
			name = GJY_Swift;
			productName = GJY_Swift;
			productReference = 9C938E511C0710A6009541D6 /* GJY_Swift.app */;
			productType = "com.apple.product-type.application";
		};
		9C938E641C0710A6009541D6 /* GJY_SwiftTests */ = {
			isa = PBXNativeTarget;
			buildConfigurationList = 9C938E7C1C0710A6009541D6 /* Build configuration list for PBXNativeTarget "GJY_SwiftTests" */;
			buildPhases = (
				9C938E611C0710A6009541D6 /* Sources */,
				9C938E621C0710A6009541D6 /* Frameworks */,
				9C938E631C0710A6009541D6 /* Resources */,
			);
			buildRules = (
			);
			dependencies = (
				9C938E671C0710A6009541D6 /* PBXTargetDependency */,
			);
			name = GJY_SwiftTests;
			productName = GJY_SwiftTests;
			productReference = 9C938E651C0710A6009541D6 /* GJY_SwiftTests.xctest */;
			productType = "com.apple.product-type.bundle.unit-test";
		};
		9C938E6F1C0710A6009541D6 /* GJY_SwiftUITests */ = {
			isa = PBXNativeTarget;
			buildConfigurationList = 9C938E7F1C0710A6009541D6 /* Build configuration list for PBXNativeTarget "GJY_SwiftUITests" */;
			buildPhases = (
				9C938E6C1C0710A6009541D6 /* Sources */,
				9C938E6D1C0710A6009541D6 /* Frameworks */,
				9C938E6E1C0710A6009541D6 /* Resources */,
			);
			buildRules = (
			);
			dependencies = (
				9C938E721C0710A6009541D6 /* PBXTargetDependency */,
			);
			name = GJY_SwiftUITests;
			productName = GJY_SwiftUITests;
			productReference = 9C938E701C0710A6009541D6 /* GJY_SwiftUITests.xctest */;
			productType = "com.apple.product-type.bundle.ui-testing";
		};
/* End PBXNativeTarget section */

/* Begin PBXProject section */
		9C938E491C0710A6009541D6 /* Project object */ = {
			isa = PBXProject;
			attributes = {
				LastUpgradeCheck = 0700;
				ORGANIZATIONNAME = com.my.demo;
				TargetAttributes = {
					9C938E501C0710A6009541D6 = {
						CreatedOnToolsVersion = 7.0;
					};
					9C938E641C0710A6009541D6 = {
						CreatedOnToolsVersion = 7.0;
						TestTargetID = 9C938E501C0710A6009541D6;
					};
					9C938E6F1C0710A6009541D6 = {
						CreatedOnToolsVersion = 7.0;
						TestTargetID = 9C938E501C0710A6009541D6;
					};
				};
			};
			buildConfigurationList = 9C938E4C1C0710A6009541D6 /* Build configuration list for PBXProject "GJY_Swift" */;
			compatibilityVersion = "Xcode 3.2";
			developmentRegion = English;
			hasScannedForEncodings = 0;
			knownRegions = (
				en,
				Base,
			);
			mainGroup = 9C938E481C0710A6009541D6;
			productRefGroup = 9C938E521C0710A6009541D6 /* Products */;
			projectDirPath = "";
			projectRoot = "";
			targets = (
				9C938E501C0710A6009541D6 /* GJY_Swift */,
				9C938E641C0710A6009541D6 /* GJY_SwiftTests */,
				9C938E6F1C0710A6009541D6 /* GJY_SwiftUITests */,
			);
		};
/* End PBXProject section */

/* Begin PBXResourcesBuildPhase section */
		9C938E4F1C0710A6009541D6 /* Resources */ = {
			isa = PBXResourcesBuildPhase;
			buildActionMask = 2147483647;
			files = (
				9C938E5F1C0710A6009541D6 /* LaunchScreen.storyboard in Resources */,
				9C938E5C1C0710A6009541D6 /* Assets.xcassets in Resources */,
				9C938E5A1C0710A6009541D6 /* Main.storyboard in Resources */,
			);
			runOnlyForDeploymentPostprocessing = 0;
		};
		9C938E631C0710A6009541D6 /* Resources */ = {
			isa = PBXResourcesBuildPhase;
			buildActionMask = 2147483647;
			files = (
			);
			runOnlyForDeploymentPostprocessing = 0;
		};
		9C938E6E1C0710A6009541D6 /* Resources */ = {
			isa = PBXResourcesBuildPhase;
			buildActionMask = 2147483647;
			files = (
			);
			runOnlyForDeploymentPostprocessing = 0;
		};
/* End PBXResourcesBuildPhase section */

/* Begin PBXSourcesBuildPhase section */
		9C938E4D1C0710A6009541D6 /* Sources */ = {
			isa = PBXSourcesBuildPhase;
			buildActionMask = 2147483647;
			files = (
				9C938E841C080148009541D6 /* BasicViewController.swift in Sources */,
				9C938E551C0710A6009541D6 /* AppDelegate.swift in Sources */,
				9C938E881C080195009541D6 /* BasicOperatorViewController.swift in Sources */,
				9C938E8A1C080ADB009541D6 /* CharactersAndStringViewController.swift in Sources */,
				9C8464BD1C0C22EE009662EE /* FunctionViewController.swift in Sources */,
				9C7CA1E21C0BF6A900E95826 /* ControlFlowViewController.swift in Sources */,
				9C938E8C1C084E40009541D6 /* CollectionTypesViewController.swift in Sources */,
			);
			runOnlyForDeploymentPostprocessing = 0;
		};
		9C938E611C0710A6009541D6 /* Sources */ = {
			isa = PBXSourcesBuildPhase;
			buildActionMask = 2147483647;
			files = (
				9C938E6A1C0710A6009541D6 /* GJY_SwiftTests.swift in Sources */,
			);
			runOnlyForDeploymentPostprocessing = 0;
		};
		9C938E6C1C0710A6009541D6 /* Sources */ = {
			isa = PBXSourcesBuildPhase;
			buildActionMask = 2147483647;
			files = (
				9C938E751C0710A6009541D6 /* GJY_SwiftUITests.swift in Sources */,
			);
			runOnlyForDeploymentPostprocessing = 0;
		};
/* End PBXSourcesBuildPhase section */

/* Begin PBXTargetDependency section */
		9C938E671C0710A6009541D6 /* PBXTargetDependency */ = {
			isa = PBXTargetDependency;
			target = 9C938E501C0710A6009541D6 /* GJY_Swift */;
			targetProxy = 9C938E661C0710A6009541D6 /* PBXContainerItemProxy */;
		};
		9C938E721C0710A6009541D6 /* PBXTargetDependency */ = {
			isa = PBXTargetDependency;
			target = 9C938E501C0710A6009541D6 /* GJY_Swift */;
			targetProxy = 9C938E711C0710A6009541D6 /* PBXContainerItemProxy */;
		};
/* End PBXTargetDependency section */

/* Begin PBXVariantGroup section */
		9C938E581C0710A6009541D6 /* Main.storyboard */ = {
			isa = PBXVariantGroup;
			children = (
				9C938E591C0710A6009541D6 /* Base */,
			);
			name = Main.storyboard;
			sourceTree = "<group>";
		};
		9C938E5D1C0710A6009541D6 /* LaunchScreen.storyboard */ = {
			isa = PBXVariantGroup;
			children = (
				9C938E5E1C0710A6009541D6 /* Base */,
			);
			name = LaunchScreen.storyboard;
			sourceTree = "<group>";
		};
/* End PBXVariantGroup section */

/* Begin XCBuildConfiguration section */
		9C938E771C0710A6009541D6 /* Debug */ = {
			isa = XCBuildConfiguration;
			buildSettings = {
				ALWAYS_SEARCH_USER_PATHS = NO;
				CLANG_CXX_LANGUAGE_STANDARD = "gnu++0x";
				CLANG_CXX_LIBRARY = "libc++";
				CLANG_ENABLE_MODULES = YES;
				CLANG_ENABLE_OBJC_ARC = YES;
				CLANG_WARN_BOOL_CONVERSION = YES;
				CLANG_WARN_CONSTANT_CONVERSION = YES;
				CLANG_WARN_DIRECT_OBJC_ISA_USAGE = YES_ERROR;
				CLANG_WARN_EMPTY_BODY = YES;
				CLANG_WARN_ENUM_CONVERSION = YES;
				CLANG_WARN_INT_CONVERSION = YES;
				CLANG_WARN_OBJC_ROOT_CLASS = YES_ERROR;
				CLANG_WARN_UNREACHABLE_CODE = YES;
				CLANG_WARN__DUPLICATE_METHOD_MATCH = YES;
				"CODE_SIGN_IDENTITY[sdk=iphoneos*]" = "iPhone Developer";
				COPY_PHASE_STRIP = NO;
				DEBUG_INFORMATION_FORMAT = dwarf;
				ENABLE_STRICT_OBJC_MSGSEND = YES;
				ENABLE_TESTABILITY = YES;
				GCC_C_LANGUAGE_STANDARD = gnu99;
				GCC_DYNAMIC_NO_PIC = NO;
				GCC_NO_COMMON_BLOCKS = YES;
				GCC_OPTIMIZATION_LEVEL = 0;
				GCC_PREPROCESSOR_DEFINITIONS = (
					"DEBUG=1",
					"$(inherited)",
				);
				GCC_WARN_64_TO_32_BIT_CONVERSION = YES;
				GCC_WARN_ABOUT_RETURN_TYPE = YES_ERROR;
				GCC_WARN_UNDECLARED_SELECTOR = YES;
				GCC_WARN_UNINITIALIZED_AUTOS = YES_AGGRESSIVE;
				GCC_WARN_UNUSED_FUNCTION = YES;
				GCC_WARN_UNUSED_VARIABLE = YES;
				IPHONEOS_DEPLOYMENT_TARGET = 9.0;
				MTL_ENABLE_DEBUG_INFO = YES;
				ONLY_ACTIVE_ARCH = YES;
				SDKROOT = iphoneos;
				SWIFT_OPTIMIZATION_LEVEL = "-Onone";
			};
			name = Debug;
		};
		9C938E781C0710A6009541D6 /* Release */ = {
			isa = XCBuildConfiguration;
			buildSettings = {
				ALWAYS_SEARCH_USER_PATHS = NO;
				CLANG_CXX_LANGUAGE_STANDARD = "gnu++0x";
				CLANG_CXX_LIBRARY = "libc++";
				CLANG_ENABLE_MODULES = YES;
				CLANG_ENABLE_OBJC_ARC = YES;
				CLANG_WARN_BOOL_CONVERSION = YES;
				CLANG_WARN_CONSTANT_CONVERSION = YES;
				CLANG_WARN_DIRECT_OBJC_ISA_USAGE = YES_ERROR;
				CLANG_WARN_EMPTY_BODY = YES;
				CLANG_WARN_ENUM_CONVERSION = YES;
				CLANG_WARN_INT_CONVERSION = YES;
				CLANG_WARN_OBJC_ROOT_CLASS = YES_ERROR;
				CLANG_WARN_UNREACHABLE_CODE = YES;
				CLANG_WARN__DUPLICATE_METHOD_MATCH = YES;
				"CODE_SIGN_IDENTITY[sdk=iphoneos*]" = "iPhone Developer";
				COPY_PHASE_STRIP = NO;
				DEBUG_INFORMATION_FORMAT = "dwarf-with-dsym";
				ENABLE_NS_ASSERTIONS = NO;
				ENABLE_STRICT_OBJC_MSGSEND = YES;
				GCC_C_LANGUAGE_STANDARD = gnu99;
				GCC_NO_COMMON_BLOCKS = YES;
				GCC_WARN_64_TO_32_BIT_CONVERSION = YES;
				GCC_WARN_ABOUT_RETURN_TYPE = YES_ERROR;
				GCC_WARN_UNDECLARED_SELECTOR = YES;
				GCC_WARN_UNINITIALIZED_AUTOS = YES_AGGRESSIVE;
				GCC_WARN_UNUSED_FUNCTION = YES;
				GCC_WARN_UNUSED_VARIABLE = YES;
				IPHONEOS_DEPLOYMENT_TARGET = 9.0;
				MTL_ENABLE_DEBUG_INFO = NO;
				SDKROOT = iphoneos;
				VALIDATE_PRODUCT = YES;
			};
			name = Release;
		};
		9C938E7A1C0710A6009541D6 /* Debug */ = {
			isa = XCBuildConfiguration;
			buildSettings = {
				ASSETCATALOG_COMPILER_APPICON_NAME = AppIcon;
				INFOPLIST_FILE = GJY_Swift/Info.plist;
				LD_RUNPATH_SEARCH_PATHS = "$(inherited) @executable_path/Frameworks";
				PRODUCT_BUNDLE_IDENTIFIER = "my.GJY-Swift";
				PRODUCT_NAME = "$(TARGET_NAME)";
			};
			name = Debug;
		};
		9C938E7B1C0710A6009541D6 /* Release */ = {
			isa = XCBuildConfiguration;
			buildSettings = {
				ASSETCATALOG_COMPILER_APPICON_NAME = AppIcon;
				INFOPLIST_FILE = GJY_Swift/Info.plist;
				LD_RUNPATH_SEARCH_PATHS = "$(inherited) @executable_path/Frameworks";
				PRODUCT_BUNDLE_IDENTIFIER = "my.GJY-Swift";
				PRODUCT_NAME = "$(TARGET_NAME)";
			};
			name = Release;
		};
		9C938E7D1C0710A6009541D6 /* Debug */ = {
			isa = XCBuildConfiguration;
			buildSettings = {
				BUNDLE_LOADER = "$(TEST_HOST)";
				INFOPLIST_FILE = GJY_SwiftTests/Info.plist;
				LD_RUNPATH_SEARCH_PATHS = "$(inherited) @executable_path/Frameworks @loader_path/Frameworks";
				PRODUCT_BUNDLE_IDENTIFIER = "my.GJY-SwiftTests";
				PRODUCT_NAME = "$(TARGET_NAME)";
				TEST_HOST = "$(BUILT_PRODUCTS_DIR)/GJY_Swift.app/GJY_Swift";
			};
			name = Debug;
		};
		9C938E7E1C0710A6009541D6 /* Release */ = {
			isa = XCBuildConfiguration;
			buildSettings = {
				BUNDLE_LOADER = "$(TEST_HOST)";
				INFOPLIST_FILE = GJY_SwiftTests/Info.plist;
				LD_RUNPATH_SEARCH_PATHS = "$(inherited) @executable_path/Frameworks @loader_path/Frameworks";
				PRODUCT_BUNDLE_IDENTIFIER = "my.GJY-SwiftTests";
				PRODUCT_NAME = "$(TARGET_NAME)";
				TEST_HOST = "$(BUILT_PRODUCTS_DIR)/GJY_Swift.app/GJY_Swift";
			};
			name = Release;
		};
		9C938E801C0710A6009541D6 /* Debug */ = {
			isa = XCBuildConfiguration;
			buildSettings = {
				INFOPLIST_FILE = GJY_SwiftUITests/Info.plist;
				LD_RUNPATH_SEARCH_PATHS = "$(inherited) @executable_path/Frameworks @loader_path/Frameworks";
				PRODUCT_BUNDLE_IDENTIFIER = "my.GJY-SwiftUITests";
				PRODUCT_NAME = "$(TARGET_NAME)";
				TEST_TARGET_NAME = GJY_Swift;
				USES_XCTRUNNER = YES;
			};
			name = Debug;
		};
		9C938E811C0710A6009541D6 /* Release */ = {
			isa = XCBuildConfiguration;
			buildSettings = {
				INFOPLIST_FILE = GJY_SwiftUITests/Info.plist;
				LD_RUNPATH_SEARCH_PATHS = "$(inherited) @executable_path/Frameworks @loader_path/Frameworks";
				PRODUCT_BUNDLE_IDENTIFIER = "my.GJY-SwiftUITests";
				PRODUCT_NAME = "$(TARGET_NAME)";
				TEST_TARGET_NAME = GJY_Swift;
				USES_XCTRUNNER = YES;
			};
			name = Release;
		};
/* End XCBuildConfiguration section */

/* Begin XCConfigurationList section */
		9C938E4C1C0710A6009541D6 /* Build configuration list for PBXProject "GJY_Swift" */ = {
			isa = XCConfigurationList;
			buildConfigurations = (
				9C938E771C0710A6009541D6 /* Debug */,
				9C938E781C0710A6009541D6 /* Release */,
			);
			defaultConfigurationIsVisible = 0;
			defaultConfigurationName = Release;
		};
		9C938E791C0710A6009541D6 /* Build configuration list for PBXNativeTarget "GJY_Swift" */ = {
			isa = XCConfigurationList;
			buildConfigurations = (
				9C938E7A1C0710A6009541D6 /* Debug */,
				9C938E7B1C0710A6009541D6 /* Release */,
			);
			defaultConfigurationIsVisible = 0;
			defaultConfigurationName = Release;
		};
		9C938E7C1C0710A6009541D6 /* Build configuration list for PBXNativeTarget "GJY_SwiftTests" */ = {
			isa = XCConfigurationList;
			buildConfigurations = (
				9C938E7D1C0710A6009541D6 /* Debug */,
				9C938E7E1C0710A6009541D6 /* Release */,
			);
			defaultConfigurationIsVisible = 0;
			defaultConfigurationName = Release;
		};
		9C938E7F1C0710A6009541D6 /* Build configuration list for PBXNativeTarget "GJY_SwiftUITests" */ = {
			isa = XCConfigurationList;
			buildConfigurations = (
				9C938E801C0710A6009541D6 /* Debug */,
				9C938E811C0710A6009541D6 /* Release */,
			);
			defaultConfigurationIsVisible = 0;
			defaultConfigurationName = Release;
		};
/* End XCConfigurationList section */
	};
	rootObject = 9C938E491C0710A6009541D6 /* Project object */;
}
